{
  "lockfileVersion": 2,
  "configVersion": 1,
  "workspaces": {
    "": {
      "name": "gezymuse-nilai-projek",
      "dependencies": {
        "hono": "^4.7.0",
      },
    },
  },
  "packages": {
    "hono": ["hono@4.13.13", "", {}, "sha512-CQ46U0ZkAGmbT/4UxdzzGJpacP2IeKgY4a5/tOI9AABbpOMfK739wfDXmv1usCk+3RkKj1hQy4/fjhiwa2xlrA=="],
  }
}
